github.com/bsphere/le_go v0.0.0-20170215134836-7a984a84b549 h1:QJJnIXZ34OUK5JfWlq1l3n0SfO9g1amiLFIcTECgpq0=
github.com/bsphere/le_go v0.0.0-20170215134836-7a984a84b549/go.mod h1:313oBJKClgRD/+t59eUnrfG7/xHXZJd7v+SjCacDm4Q=
github.com/sparrc/go-ping v0.0.0-20160208162908-416e72114cd1 h1:bl/ykDbLxEA88fWNi1eBi+EdIPg1uvIuq4z89mwvq/M=
github.com/sparrc/go-ping v0.0.0-20160208162908-416e72114cd1/go.mod h1:eMyUVp6f/5jnzM+3zahzl7q6UXLbgSc3MKg/+ow9QW0=
golang.org/x/crypto v0.0.0-20180515001509-1a580b3eff78 h1:uJIReYEB1ZZLarzi83Pmig1HhZ/cwFCysx05l0PFBIk=
golang.org/x/crypto v0.0.0-20180515001509-1a580b3eff78/go.mod h1:6SG95UA2DQfeDnfUPMdvaQW0Q7yPrPDi9nlGo2tz2b4=
golang.org/x/net v0.0.0-20180611182652-db08ff08e862 h1:JZi6BqOZ+iSgmLWe6llhGrNnEnK+YB/MRkStwnEfbqM=
golang.org/x/net v0.0.0-20180611182652-db08ff08e862/go.mod h1:mL1N/T3taQHkDXs73rZJwtUhF3w3ftmwwsq0BUmARs4=
gopkg.in/robfig/cron.v2 v2.0.0-20150107220207-be2e0b0deed5 h1:E846t8CnR+lv5nE+VuiKTDG/v1U2stad0QzddfJC7kY=
gopkg.in/robfig/cron.v2 v2.0.0-20150107220207-be2e0b0deed5/go.mod h1:hiOFpYm0ZJbusNj2ywpbrXowU3G8U6GIQzqn2mw1UIE=
