# This file is autogenerated, do not edit; changes may be undone by the next 'dep ensure'.


[[projects]]
  branch = "master"
  name = "github.com/bsphere/le_go"
  packages = ["."]
  revision = "7a984a84b5492ae539b79b62fb4a10afc63c7bcf"

[[projects]]
  branch = "v2"
  name = "gopkg.in/robfig/cron.v2"
  packages = ["."]
  revision = "be2e0b0deed5a68ffee390b4583a13aff8321535"

[solve-meta]
  analyzer-name = "dep"
  analyzer-version = 1
  inputs-digest = "e7f421ece81d69574c980704d2fce77292e1d64ce4ec267be40bbd5e9ea0f3af"
  solver-name = "gps-cdcl"
  solver-version = 1
