# This file is autogenerated, do not edit; changes may be undone by the next 'dep ensure'.


[[projects]]
  branch = "master"
  digest = "1:70d653388814e52e62091aa933cd907813ccd24e448844cb807e0c770443c951"
  name = "github.com/bsphere/le_go"
  packages = ["."]
  pruneopts = ""
  revision = "7a984a84b5492ae539b79b62fb4a10afc63c7bcf"

[[projects]]
  branch = "master"
  digest = "1:bf38f78876465f9dce9639107848da44428501cc46d4e0dfcdb93ab6254976d2"
  name = "github.com/sparrc/go-ping"
  packages = ["."]
  pruneopts = ""
  revision = "416e72114cd1edce2f287648f935a60dfe6cf40e"

[[projects]]
  branch = "master"
  digest = "1:23475506e81e16ca25540cb95db19d0746a7e9ca001e7a06463493bb58761754"
  name = "golang.org/x/crypto"
  packages = [
    "cast5",
    "openpgp",
    "openpgp/armor",
    "openpgp/elgamal",
    "openpgp/errors",
    "openpgp/packet",
    "openpgp/s2k",
  ]
  pruneopts = ""
  revision = "1a580b3eff7814fc9b40602fd35256c63b50f491"

[[projects]]
  branch = "master"
  digest = "1:5dc6753986b9eeba4abdf05dedc5ba06bb52dad43cc8aad35ffb42bb7adfa68f"
  name = "golang.org/x/net"
  packages = [
    "bpf",
    "icmp",
    "internal/iana",
    "internal/socket",
    "ipv4",
    "ipv6",
  ]
  pruneopts = ""
  revision = "db08ff08e8622530d9ed3a0e8ac279f6d4c02196"

[[projects]]
  branch = "v2"
  digest = "1:92a9d3d81fc5b50d5ccf0c72b9888cd27acf277894f8aa18f4c9c41de8311555"
  name = "gopkg.in/robfig/cron.v2"
  packages = ["."]
  pruneopts = ""
  revision = "be2e0b0deed5a68ffee390b4583a13aff8321535"

[solve-meta]
  analyzer-name = "dep"
  analyzer-version = 1
  input-imports = [
    "github.com/bsphere/le_go",
    "github.com/sparrc/go-ping",
    "golang.org/x/crypto/openpgp",
    "gopkg.in/robfig/cron.v2",
  ]
  solver-name = "gps-cdcl"
  solver-version = 1
